
Microsoft Visual Studio Solution File, Format Version 12.00
# Visual Studio 15
VisualStudioVersion = 15.0.27428.2037
MinimumVisualStudioVersion = 10.0.40219.1
Project("{FAE04EC0-301F-11D3-BF4B-00C04F79EFBC}") = "SoundTouch.Net", "SoundTouch.Net\SoundTouch.Net.csproj", "{E502C739-91FC-41F5-9798-279D04F32FB1}"
EndProject
Project("{FAE04EC0-301F-11D3-BF4B-00C04F79EFBC}") = "SoundStretch", "SoundStretch\SoundStretch.csproj", "{9CA61E71-23B0-4FC0-8CB8-D9BA50D7EC2B}"
EndProject
Global
	GlobalSection(SolutionConfigurationPlatforms) = preSolution
		Debug|Any CPU = Debug|Any CPU
		Debug|Mixed Platforms = Debug|Mixed Platforms
		Debug|x86 = Debug|x86
		Release|Any CPU = Release|Any CPU
		Release|Mixed Platforms = Release|Mixed Platforms
		Release|x86 = Release|x86
	EndGlobalSection
	GlobalSection(ProjectConfigurationPlatforms) = postSolution
		{E502C739-91FC-41F5-9798-279D04F32FB1}.Debug|Any CPU.ActiveCfg = Debug|Any CPU
		{E502C739-91FC-41F5-9798-279D04F32FB1}.Debug|Any CPU.Build.0 = Debug|Any CPU
		{E502C739-91FC-41F5-9798-279D04F32FB1}.Debug|Mixed Platforms.ActiveCfg = Debug|Any CPU
		{E502C739-91FC-41F5-9798-279D04F32FB1}.Debug|Mixed Platforms.Build.0 = Debug|Any CPU
		{E502C739-91FC-41F5-9798-279D04F32FB1}.Debug|x86.ActiveCfg = Debug|Any CPU
		{E502C739-91FC-41F5-9798-279D04F32FB1}.Debug|x86.Build.0 = Debug|Any CPU
		{E502C739-91FC-41F5-9798-279D04F32FB1}.Release|Any CPU.ActiveCfg = Release|Any CPU
		{E502C739-91FC-41F5-9798-279D04F32FB1}.Release|Any CPU.Build.0 = Release|Any CPU
		{E502C739-91FC-41F5-9798-279D04F32FB1}.Release|Mixed Platforms.ActiveCfg = Release|Any CPU
		{E502C739-91FC-41F5-9798-279D04F32FB1}.Release|Mixed Platforms.Build.0 = Release|Any CPU
		{E502C739-91FC-41F5-9798-279D04F32FB1}.Release|x86.ActiveCfg = Release|Any CPU
		{E502C739-91FC-41F5-9798-279D04F32FB1}.Release|x86.Build.0 = Release|Any CPU
		{9CA61E71-23B0-4FC0-8CB8-D9BA50D7EC2B}.Debug|Any CPU.ActiveCfg = Debug|Any CPU
		{9CA61E71-23B0-4FC0-8CB8-D9BA50D7EC2B}.Debug|Any CPU.Build.0 = Debug|Any CPU
		{9CA61E71-23B0-4FC0-8CB8-D9BA50D7EC2B}.Debug|Mixed Platforms.ActiveCfg = Debug|Any CPU
		{9CA61E71-23B0-4FC0-8CB8-D9BA50D7EC2B}.Debug|Mixed Platforms.Build.0 = Debug|Any CPU
		{9CA61E71-23B0-4FC0-8CB8-D9BA50D7EC2B}.Debug|x86.ActiveCfg = Debug|Any CPU
		{9CA61E71-23B0-4FC0-8CB8-D9BA50D7EC2B}.Debug|x86.Build.0 = Debug|Any CPU
		{9CA61E71-23B0-4FC0-8CB8-D9BA50D7EC2B}.Release|Any CPU.ActiveCfg = Release|Any CPU
		{9CA61E71-23B0-4FC0-8CB8-D9BA50D7EC2B}.Release|Any CPU.Build.0 = Release|Any CPU
		{9CA61E71-23B0-4FC0-8CB8-D9BA50D7EC2B}.Release|Mixed Platforms.ActiveCfg = Release|Any CPU
		{9CA61E71-23B0-4FC0-8CB8-D9BA50D7EC2B}.Release|Mixed Platforms.Build.0 = Release|Any CPU
		{9CA61E71-23B0-4FC0-8CB8-D9BA50D7EC2B}.Release|x86.ActiveCfg = Release|Any CPU
		{9CA61E71-23B0-4FC0-8CB8-D9BA50D7EC2B}.Release|x86.Build.0 = Release|Any CPU
	EndGlobalSection
	GlobalSection(SolutionProperties) = preSolution
		HideSolutionNode = FALSE
	EndGlobalSection
	GlobalSection(ExtensibilityGlobals) = postSolution
		SolutionGuid = {9BA86B8C-13E4-4CF4-A523-5F9C832BCDC9}
	EndGlobalSection
EndGlobal
